
Microsoft Visual Studio Solution File, Format Version 12.00
# Visual Studio Version 17
VisualStudioVersion = 17.0.31903.59
MinimumVisualStudioVersion = 10.0.40219.1
Project("{FAE04EC0-301F-11D3-BF4B-00C04F79EFBC}") = "Tarefas.Api", "Tarefas.Api\Tarefas.Api.csproj", "{D99D5CF9-4FAA-41B7-B3CF-36681EF237CD}"
EndProject
Project("{FAE04EC0-301F-11D3-BF4B-00C04F79EFBC}") = "Tarefas.Core", "Tarefas.Core\Tarefas.Core.csproj", "{53CB1F3C-919E-4226-9E7C-64A2F02FA017}"
EndProject
Project("{FAE04EC0-301F-11D3-BF4B-00C04F79EFBC}") = "Tarefas.Web", "Tarefas.Web\Tarefas.Web.csproj", "{5B960F66-E7EF-4B97-B479-B3917BF0D8FE}"
EndProject
Global
	GlobalSection(SolutionConfigurationPlatforms) = preSolution
		Debug|Any CPU = Debug|Any CPU
		Debug|x64 = Debug|x64
		Debug|x86 = Debug|x86
		Release|Any CPU = Release|Any CPU
		Release|x64 = Release|x64
		Release|x86 = Release|x86
	EndGlobalSection
	GlobalSection(ProjectConfigurationPlatforms) = postSolution
		{D99D5CF9-4FAA-41B7-B3CF-36681EF237CD}.Debug|Any CPU.ActiveCfg = Debug|Any CPU
		{D99D5CF9-4FAA-41B7-B3CF-36681EF237CD}.Debug|Any CPU.Build.0 = Debug|Any CPU
		{D99D5CF9-4FAA-41B7-B3CF-36681EF237CD}.Debug|x64.ActiveCfg = Debug|Any CPU
		{D99D5CF9-4FAA-41B7-B3CF-36681EF237CD}.Debug|x64.Build.0 = Debug|Any CPU
		{D99D5CF9-4FAA-41B7-B3CF-36681EF237CD}.Debug|x86.ActiveCfg = Debug|Any CPU
		{D99D5CF9-4FAA-41B7-B3CF-36681EF237CD}.Debug|x86.Build.0 = Debug|Any CPU
		{D99D5CF9-4FAA-41B7-B3CF-36681EF237CD}.Release|Any CPU.ActiveCfg = Release|Any CPU
		{D99D5CF9-4FAA-41B7-B3CF-36681EF237CD}.Release|Any CPU.Build.0 = Release|Any CPU
		{D99D5CF9-4FAA-41B7-B3CF-36681EF237CD}.Release|x64.ActiveCfg = Release|Any CPU
		{D99D5CF9-4FAA-41B7-B3CF-36681EF237CD}.Release|x64.Build.0 = Release|Any CPU
		{D99D5CF9-4FAA-41B7-B3CF-36681EF237CD}.Release|x86.ActiveCfg = Release|Any CPU
		{D99D5CF9-4FAA-41B7-B3CF-36681EF237CD}.Release|x86.Build.0 = Release|Any CPU
		{53CB1F3C-919E-4226-9E7C-64A2F02FA017}.Debug|Any CPU.ActiveCfg = Debug|Any CPU
		{53CB1F3C-919E-4226-9E7C-64A2F02FA017}.Debug|Any CPU.Build.0 = Debug|Any CPU
		{53CB1F3C-919E-4226-9E7C-64A2F02FA017}.Debug|x64.ActiveCfg = Debug|Any CPU
		{53CB1F3C-919E-4226-9E7C-64A2F02FA017}.Debug|x64.Build.0 = Debug|Any CPU
		{53CB1F3C-919E-4226-9E7C-64A2F02FA017}.Debug|x86.ActiveCfg = Debug|Any CPU
		{53CB1F3C-919E-4226-9E7C-64A2F02FA017}.Debug|x86.Build.0 = Debug|Any CPU
		{53CB1F3C-919E-4226-9E7C-64A2F02FA017}.Release|Any CPU.ActiveCfg = Release|Any CPU
		{53CB1F3C-919E-4226-9E7C-64A2F02FA017}.Release|Any CPU.Build.0 = Release|Any CPU
		{53CB1F3C-919E-4226-9E7C-64A2F02FA017}.Release|x64.ActiveCfg = Release|Any CPU
		{53CB1F3C-919E-4226-9E7C-64A2F02FA017}.Release|x64.Build.0 = Release|Any CPU
		{53CB1F3C-919E-4226-9E7C-64A2F02FA017}.Release|x86.ActiveCfg = Release|Any CPU
		{53CB1F3C-919E-4226-9E7C-64A2F02FA017}.Release|x86.Build.0 = Release|Any CPU
		{5B960F66-E7EF-4B97-B479-B3917BF0D8FE}.Debug|Any CPU.ActiveCfg = Debug|Any CPU
		{5B960F66-E7EF-4B97-B479-B3917BF0D8FE}.Debug|Any CPU.Build.0 = Debug|Any CPU
		{5B960F66-E7EF-4B97-B479-B3917BF0D8FE}.Debug|x64.ActiveCfg = Debug|Any CPU
		{5B960F66-E7EF-4B97-B479-B3917BF0D8FE}.Debug|x64.Build.0 = Debug|Any CPU
		{5B960F66-E7EF-4B97-B479-B3917BF0D8FE}.Debug|x86.ActiveCfg = Debug|Any CPU
		{5B960F66-E7EF-4B97-B479-B3917BF0D8FE}.Debug|x86.Build.0 = Debug|Any CPU
		{5B960F66-E7EF-4B97-B479-B3917BF0D8FE}.Release|Any CPU.ActiveCfg = Release|Any CPU
		{5B960F66-E7EF-4B97-B479-B3917BF0D8FE}.Release|Any CPU.Build.0 = Release|Any CPU
		{5B960F66-E7EF-4B97-B479-B3917BF0D8FE}.Release|x64.ActiveCfg = Release|Any CPU
		{5B960F66-E7EF-4B97-B479-B3917BF0D8FE}.Release|x64.Build.0 = Release|Any CPU
		{5B960F66-E7EF-4B97-B479-B3917BF0D8FE}.Release|x86.ActiveCfg = Release|Any CPU
		{5B960F66-E7EF-4B97-B479-B3917BF0D8FE}.Release|x86.Build.0 = Release|Any CPU
	EndGlobalSection
	GlobalSection(SolutionProperties) = preSolution
		HideSolutionNode = FALSE
	EndGlobalSection
EndGlobal
